
Microsoft Visual Studio Solution File, Format Version 12.00
# Visual Studio Version 16
VisualStudioVersion = 16.0.30225.117
MinimumVisualStudioVersion = 10.0.40219.1
Project("{9A19103F-16F7-4668-BE54-9A1E7A4F7556}") = "YOLOv4MLNet", "YOLOv4MLNet\YOLOv4MLNet.csproj", "{EB62C663-D170-407F-91B0-9650159ED1B2}"
EndProject
Project("{9A19103F-16F7-4668-BE54-9A1E7A4F7556}") = "WpfApp1", "WpfApp1\WpfApp1.csproj", "{5422A815-EA6B-459B-925D-645890288389}"
EndProject
Project("{9A19103F-16F7-4668-BE54-9A1E7A4F7556}") = "Lab1", "Lab1\Lab1.csproj", "{F9B6D126-663E-4621-9339-A1CE7271C024}"
EndProject
Project("{FAE04EC0-301F-11D3-BF4B-00C04F79EFBC}") = "WebApplication", "WebApplication\WebApplication.csproj", "{70973432-16C4-4ED0-80B6-4F3BAF605178}"
EndProject
Global
	GlobalSection(SolutionConfigurationPlatforms) = preSolution
		Debug|Any CPU = Debug|Any CPU
		Release|Any CPU = Release|Any CPU
	EndGlobalSection
	GlobalSection(ProjectConfigurationPlatforms) = postSolution
		{EB62C663-D170-407F-91B0-9650159ED1B2}.Debug|Any CPU.ActiveCfg = Debug|Any CPU
		{EB62C663-D170-407F-91B0-9650159ED1B2}.Debug|Any CPU.Build.0 = Debug|Any CPU
		{EB62C663-D170-407F-91B0-9650159ED1B2}.Release|Any CPU.ActiveCfg = Release|Any CPU
		{EB62C663-D170-407F-91B0-9650159ED1B2}.Release|Any CPU.Build.0 = Release|Any CPU
		{5422A815-EA6B-459B-925D-645890288389}.Debug|Any CPU.ActiveCfg = Debug|Any CPU
		{5422A815-EA6B-459B-925D-645890288389}.Debug|Any CPU.Build.0 = Debug|Any CPU
		{5422A815-EA6B-459B-925D-645890288389}.Release|Any CPU.ActiveCfg = Release|Any CPU
		{5422A815-EA6B-459B-925D-645890288389}.Release|Any CPU.Build.0 = Release|Any CPU
		{F9B6D126-663E-4621-9339-A1CE7271C024}.Debug|Any CPU.ActiveCfg = Debug|Any CPU
		{F9B6D126-663E-4621-9339-A1CE7271C024}.Debug|Any CPU.Build.0 = Debug|Any CPU
		{F9B6D126-663E-4621-9339-A1CE7271C024}.Release|Any CPU.ActiveCfg = Release|Any CPU
		{F9B6D126-663E-4621-9339-A1CE7271C024}.Release|Any CPU.Build.0 = Release|Any CPU
		{70973432-16C4-4ED0-80B6-4F3BAF605178}.Debug|Any CPU.ActiveCfg = Debug|Any CPU
		{70973432-16C4-4ED0-80B6-4F3BAF605178}.Debug|Any CPU.Build.0 = Debug|Any CPU
		{70973432-16C4-4ED0-80B6-4F3BAF605178}.Release|Any CPU.ActiveCfg = Release|Any CPU
		{70973432-16C4-4ED0-80B6-4F3BAF605178}.Release|Any CPU.Build.0 = Release|Any CPU
	EndGlobalSection
	GlobalSection(SolutionProperties) = preSolution
		HideSolutionNode = FALSE
	EndGlobalSection
	GlobalSection(ExtensibilityGlobals) = postSolution
		SolutionGuid = {BBBC2C99-A95D-4F1B-9AA0-6D95737E2B5C}
	EndGlobalSection
EndGlobal
